// !$*UTF8*$!
{
	archiveVersion = 1;
	classes = {
	};
	objectVersion = 51;
	objects = {

/* Begin PBXBuildFile section */
		7801C055269DAF58005C4453 /* URLImageView.swift in Sources */ = {isa = PBXBuildFile; fileRef = 7801C054269DAF58005C4453 /* URLImageView.swift */; };
		782A846F2658C833005DF61B /* MogiQiitaApp.swift in Sources */ = {isa = PBXBuildFile; fileRef = 782A846E2658C833005DF61B /* MogiQiitaApp.swift */; };
		782A84712658C833005DF61B /* TopPageView.swift in Sources */ = {isa = PBXBuildFile; fileRef = 782A84702658C833005DF61B /* TopPageView.swift */; };
		782A84732658C838005DF61B /* Assets.xcassets in Resources */ = {isa = PBXBuildFile; fileRef = 782A84722658C838005DF61B /* Assets.xcassets */; };
		782A84762658C838005DF61B /* Preview Assets.xcassets in Resources */ = {isa = PBXBuildFile; fileRef = 782A84752658C838005DF61B /* Preview Assets.xcassets */; };
		7832B64526B0345800CD5898 /* ErrorView.swift in Sources */ = {isa = PBXBuildFile; fileRef = 7832B64426B0345800CD5898 /* ErrorView.swift */; };
		78376ECC269FC88E00A45B97 /* APILoadingStatus.swift in Sources */ = {isa = PBXBuildFile; fileRef = 78376ECB269FC88E00A45B97 /* APILoadingStatus.swift */; };
		786F51B0265E7A5F004F6B36 /* Pacifico.ttf in Resources */ = {isa = PBXBuildFile; fileRef = 786F51AF265E7A5F004F6B36 /* Pacifico.ttf */; };
		786F51BD265F5052004F6B36 /* WebView.swift in Sources */ = {isa = PBXBuildFile; fileRef = 786F51BC265F5052004F6B36 /* WebView.swift */; };
		78725078266609F800388D6E /* TabbarView.swift in Sources */ = {isa = PBXBuildFile; fileRef = 78725077266609F800388D6E /* TabbarView.swift */; };
		7872507B26660A7900388D6E /* MyPageView.swift in Sources */ = {isa = PBXBuildFile; fileRef = 7872507A26660A7900388D6E /* MyPageView.swift */; };
		7872507E26660A8300388D6E /* SettingPageView.swift in Sources */ = {isa = PBXBuildFile; fileRef = 7872507D26660A8300388D6E /* SettingPageView.swift */; };
		7872508126660AB000388D6E /* TagPageView.swift in Sources */ = {isa = PBXBuildFile; fileRef = 7872508026660AB000388D6E /* TagPageView.swift */; };
		788AE6A62696E952001C6FEE /* FeedCell.swift in Sources */ = {isa = PBXBuildFile; fileRef = 788AE6A52696E952001C6FEE /* FeedCell.swift */; };
		788AE6AE2696F6C0001C6FEE /* FeedPageViewModel.swift in Sources */ = {isa = PBXBuildFile; fileRef = 788AE6AD2696F6C0001C6FEE /* FeedPageViewModel.swift */; };
		788AE6B22696F8DF001C6FEE /* Article.swift in Sources */ = {isa = PBXBuildFile; fileRef = 788AE6B12696F8DF001C6FEE /* Article.swift */; };
		788AE6B62697029E001C6FEE /* User.swift in Sources */ = {isa = PBXBuildFile; fileRef = 788AE6B52697029E001C6FEE /* User.swift */; };
		78F786B8265F7D9400866080 /* Request.swift in Sources */ = {isa = PBXBuildFile; fileRef = 78F786B7265F7D9400866080 /* Request.swift */; };
		78F786C5265FF26E00866080 /* .env in Resources */ = {isa = PBXBuildFile; fileRef = 78F786C4265FF26E00866080 /* .env */; };
		78F786CD2660BE5F00866080 /* UserInfo.swift in Sources */ = {isa = PBXBuildFile; fileRef = 78F786CC2660BE5F00866080 /* UserInfo.swift */; };
		78F786D22660D32900866080 /* FeedPageView.swift in Sources */ = {isa = PBXBuildFile; fileRef = 78F786D12660D32900866080 /* FeedPageView.swift */; };
		DE836F0C3FADF1232F38D8A6 /* Pods_MogiQiita.framework in Frameworks */ = {isa = PBXBuildFile; fileRef = 3B41F68776887DF460AE27D8 /* Pods_MogiQiita.framework */; };
/* End PBXBuildFile section */

/* Begin PBXFileReference section */
		1E58CB4F449F3B8EAFDA0C28 /* Pods-MogiQiita.release.xcconfig */ = {isa = PBXFileReference; includeInIndex = 1; lastKnownFileType = text.xcconfig; name = "Pods-MogiQiita.release.xcconfig"; path = "Target Support Files/Pods-MogiQiita/Pods-MogiQiita.release.xcconfig"; sourceTree = "<group>"; };
		3B41F68776887DF460AE27D8 /* Pods_MogiQiita.framework */ = {isa = PBXFileReference; explicitFileType = wrapper.framework; includeInIndex = 0; path = Pods_MogiQiita.framework; sourceTree = BUILT_PRODUCTS_DIR; };
		7801C054269DAF58005C4453 /* URLImageView.swift */ = {isa = PBXFileReference; lastKnownFileType = sourcecode.swift; path = URLImageView.swift; sourceTree = "<group>"; };
		782A846B2658C833005DF61B /* MogiQiita.app */ = {isa = PBXFileReference; explicitFileType = wrapper.application; includeInIndex = 0; path = MogiQiita.app; sourceTree = BUILT_PRODUCTS_DIR; };
		782A846E2658C833005DF61B /* MogiQiitaApp.swift */ = {isa = PBXFileReference; lastKnownFileType = sourcecode.swift; path = MogiQiitaApp.swift; sourceTree = "<group>"; };
		782A84702658C833005DF61B /* TopPageView.swift */ = {isa = PBXFileReference; lastKnownFileType = sourcecode.swift; path = TopPageView.swift; sourceTree = "<group>"; };
		782A84722658C838005DF61B /* Assets.xcassets */ = {isa = PBXFileReference; lastKnownFileType = folder.assetcatalog; path = Assets.xcassets; sourceTree = "<group>"; };
		782A84752658C838005DF61B /* Preview Assets.xcassets */ = {isa = PBXFileReference; lastKnownFileType = folder.assetcatalog; path = "Preview Assets.xcassets"; sourceTree = "<group>"; };
		782A84772658C838005DF61B /* Info.plist */ = {isa = PBXFileReference; lastKnownFileType = text.plist.xml; path = Info.plist; sourceTree = "<group>"; };
		7832B64426B0345800CD5898 /* ErrorView.swift */ = {isa = PBXFileReference; lastKnownFileType = sourcecode.swift; path = ErrorView.swift; sourceTree = "<group>"; };
		78376ECB269FC88E00A45B97 /* APILoadingStatus.swift */ = {isa = PBXFileReference; lastKnownFileType = sourcecode.swift; path = APILoadingStatus.swift; sourceTree = "<group>"; };
		786F51AF265E7A5F004F6B36 /* Pacifico.ttf */ = {isa = PBXFileReference; lastKnownFileType = file; name = Pacifico.ttf; path = Font/pacifico/pacifico/Pacifico.ttf; sourceTree = SOURCE_ROOT; };
		786F51BC265F5052004F6B36 /* WebView.swift */ = {isa = PBXFileReference; lastKnownFileType = sourcecode.swift; path = WebView.swift; sourceTree = "<group>"; };
		78725077266609F800388D6E /* TabbarView.swift */ = {isa = PBXFileReference; lastKnownFileType = sourcecode.swift; path = TabbarView.swift; sourceTree = "<group>"; };
		7872507A26660A7900388D6E /* MyPageView.swift */ = {isa = PBXFileReference; lastKnownFileType = sourcecode.swift; path = MyPageView.swift; sourceTree = "<group>"; };
		7872507D26660A8300388D6E /* SettingPageView.swift */ = {isa = PBXFileReference; lastKnownFileType = sourcecode.swift; path = SettingPageView.swift; sourceTree = "<group>"; };
		7872508026660AB000388D6E /* TagPageView.swift */ = {isa = PBXFileReference; lastKnownFileType = sourcecode.swift; path = TagPageView.swift; sourceTree = "<group>"; };
		788AE6A52696E952001C6FEE /* FeedCell.swift */ = {isa = PBXFileReference; lastKnownFileType = sourcecode.swift; path = FeedCell.swift; sourceTree = "<group>"; };
		788AE6AD2696F6C0001C6FEE /* FeedPageViewModel.swift */ = {isa = PBXFileReference; lastKnownFileType = sourcecode.swift; path = FeedPageViewModel.swift; sourceTree = "<group>"; };
		788AE6B12696F8DF001C6FEE /* Article.swift */ = {isa = PBXFileReference; lastKnownFileType = sourcecode.swift; path = Article.swift; sourceTree = "<group>"; };
		788AE6B52697029E001C6FEE /* User.swift */ = {isa = PBXFileReference; lastKnownFileType = sourcecode.swift; path = User.swift; sourceTree = "<group>"; };
		78F786B7265F7D9400866080 /* Request.swift */ = {isa = PBXFileReference; lastKnownFileType = sourcecode.swift; path = Request.swift; sourceTree = "<group>"; };
		78F786C4265FF26E00866080 /* .env */ = {isa = PBXFileReference; fileEncoding = 4; lastKnownFileType = text; path = .env; sourceTree = "<group>"; };
		78F786CC2660BE5F00866080 /* UserInfo.swift */ = {isa = PBXFileReference; lastKnownFileType = sourcecode.swift; path = UserInfo.swift; sourceTree = "<group>"; };
		78F786D12660D32900866080 /* FeedPageView.swift */ = {isa = PBXFileReference; lastKnownFileType = sourcecode.swift; path = FeedPageView.swift; sourceTree = "<group>"; };
		8DE247FCF98589FE3A6234E0 /* Pods-MogiQiita.debug.xcconfig */ = {isa = PBXFileReference; includeInIndex = 1; lastKnownFileType = text.xcconfig; name = "Pods-MogiQiita.debug.xcconfig"; path = "Target Support Files/Pods-MogiQiita/Pods-MogiQiita.debug.xcconfig"; sourceTree = "<group>"; };
/* End PBXFileReference section */

/* Begin PBXFrameworksBuildPhase section */
		782A84682658C833005DF61B /* Frameworks */ = {
			isa = PBXFrameworksBuildPhase;
			buildActionMask = 2147483647;
			files = (
				DE836F0C3FADF1232F38D8A6 /* Pods_MogiQiita.framework in Frameworks */,
			);
			runOnlyForDeploymentPostprocessing = 0;
		};
/* End PBXFrameworksBuildPhase section */

/* Begin PBXGroup section */
		68DB51BF845AD29D67AFD278 /* Pods */ = {
			isa = PBXGroup;
			children = (
				8DE247FCF98589FE3A6234E0 /* Pods-MogiQiita.debug.xcconfig */,
				1E58CB4F449F3B8EAFDA0C28 /* Pods-MogiQiita.release.xcconfig */,
			);
			path = Pods;
			sourceTree = "<group>";
		};
		782A84622658C833005DF61B = {
			isa = PBXGroup;
			children = (
				782A846D2658C833005DF61B /* MogiQiita */,
				782A846C2658C833005DF61B /* Products */,
				68DB51BF845AD29D67AFD278 /* Pods */,
				F7A0F4516BF76632D263634C /* Frameworks */,
			);
			sourceTree = "<group>";
		};
		782A846C2658C833005DF61B /* Products */ = {
			isa = PBXGroup;
			children = (
				782A846B2658C833005DF61B /* MogiQiita.app */,
			);
			name = Products;
			sourceTree = "<group>";
		};
		782A846D2658C833005DF61B /* MogiQiita */ = {
			isa = PBXGroup;
			children = (
				782A846E2658C833005DF61B /* MogiQiitaApp.swift */,
				78F786CF2660D2D500866080 /* TopPage */,
				78F786D02660D30400866080 /* FeedPage */,
				788AE6B02696F8B3001C6FEE /* Models */,
				78F786CC2660BE5F00866080 /* UserInfo.swift */,
				78376ECB269FC88E00A45B97 /* APILoadingStatus.swift */,
				78F786B7265F7D9400866080 /* Request.swift */,
				78725077266609F800388D6E /* TabbarView.swift */,
				7872507A26660A7900388D6E /* MyPageView.swift */,
				7872508026660AB000388D6E /* TagPageView.swift */,
				7872507D26660A8300388D6E /* SettingPageView.swift */,
				7801C054269DAF58005C4453 /* URLImageView.swift */,
				782A84722658C838005DF61B /* Assets.xcassets */,
				782A84772658C838005DF61B /* Info.plist */,
				78F786C4265FF26E00866080 /* .env */,
				786F51AD265E7903004F6B36 /* Font */,
				782A84742658C838005DF61B /* Preview Content */,
				7832B64426B0345800CD5898 /* ErrorView.swift */,
			);
			path = MogiQiita;
			sourceTree = "<group>";
		};
		782A84742658C838005DF61B /* Preview Content */ = {
			isa = PBXGroup;
			children = (
				782A84752658C838005DF61B /* Preview Assets.xcassets */,
			);
			path = "Preview Content";
			sourceTree = "<group>";
		};
		786F51AD265E7903004F6B36 /* Font */ = {
			isa = PBXGroup;
			children = (
				786F51AF265E7A5F004F6B36 /* Pacifico.ttf */,
			);
			path = Font;
			sourceTree = "<group>";
		};
		788AE6B02696F8B3001C6FEE /* Models */ = {
			isa = PBXGroup;
			children = (
				788AE6B12696F8DF001C6FEE /* Article.swift */,
				788AE6B52697029E001C6FEE /* User.swift */,
			);
			path = Models;
			sourceTree = "<group>";
		};
		78F786CF2660D2D500866080 /* TopPage */ = {
			isa = PBXGroup;
			children = (
				782A84702658C833005DF61B /* TopPageView.swift */,
				786F51BC265F5052004F6B36 /* WebView.swift */,
			);
			path = TopPage;
			sourceTree = "<group>";
		};
		78F786D02660D30400866080 /* FeedPage */ = {
			isa = PBXGroup;
			children = (
				78F786D12660D32900866080 /* FeedPageView.swift */,
				788AE6A52696E952001C6FEE /* FeedCell.swift */,
				788AE6AD2696F6C0001C6FEE /* FeedPageViewModel.swift */,
			);
			path = FeedPage;
			sourceTree = "<group>";
		};
		F7A0F4516BF76632D263634C /* Frameworks */ = {
			isa = PBXGroup;
			children = (
				3B41F68776887DF460AE27D8 /* Pods_MogiQiita.framework */,
			);
			name = Frameworks;
			sourceTree = "<group>";
		};
/* End PBXGroup section */

/* Begin PBXNativeTarget section */
		782A846A2658C833005DF61B /* MogiQiita */ = {
			isa = PBXNativeTarget;
			buildConfigurationList = 782A847A2658C838005DF61B /* Build configuration list for PBXNativeTarget "MogiQiita" */;
			buildPhases = (
				9025F8EC1206B6D5FA0A350D /* [CP] Check Pods Manifest.lock */,
				782A84672658C833005DF61B /* Sources */,
				782A84682658C833005DF61B /* Frameworks */,
				782A84692658C833005DF61B /* Resources */,
				39F010739CDFFDE633A17F96 /* [CP] Embed Pods Frameworks */,
			);
			buildRules = (
			);
			dependencies = (
			);
			name = MogiQiita;
			productName = MogiQiita;
			productReference = 782A846B2658C833005DF61B /* MogiQiita.app */;
			productType = "com.apple.product-type.application";
		};
/* End PBXNativeTarget section */

/* Begin PBXProject section */
		782A84632658C833005DF61B /* Project object */ = {
			isa = PBXProject;
			attributes = {
				LastSwiftUpdateCheck = 1240;
				LastUpgradeCheck = 1240;
				TargetAttributes = {
					782A846A2658C833005DF61B = {
						CreatedOnToolsVersion = 12.4;
					};
				};
			};
			buildConfigurationList = 782A84662658C833005DF61B /* Build configuration list for PBXProject "MogiQiita" */;
			compatibilityVersion = "Xcode 9.3";
			developmentRegion = en;
			hasScannedForEncodings = 0;
			knownRegions = (
				en,
				Base,
			);
			mainGroup = 782A84622658C833005DF61B;
			productRefGroup = 782A846C2658C833005DF61B /* Products */;
			projectDirPath = "";
			projectRoot = "";
			targets = (
				782A846A2658C833005DF61B /* MogiQiita */,
			);
		};
/* End PBXProject section */

/* Begin PBXResourcesBuildPhase section */
		782A84692658C833005DF61B /* Resources */ = {
			isa = PBXResourcesBuildPhase;
			buildActionMask = 2147483647;
			files = (
				782A84762658C838005DF61B /* Preview Assets.xcassets in Resources */,
				782A84732658C838005DF61B /* Assets.xcassets in Resources */,
				786F51B0265E7A5F004F6B36 /* Pacifico.ttf in Resources */,
				78F786C5265FF26E00866080 /* .env in Resources */,
			);
			runOnlyForDeploymentPostprocessing = 0;
		};
/* End PBXResourcesBuildPhase section */

/* Begin PBXShellScriptBuildPhase section */
		39F010739CDFFDE633A17F96 /* [CP] Embed Pods Frameworks */ = {
			isa = PBXShellScriptBuildPhase;
			buildActionMask = 2147483647;
			files = (
			);
			inputFileListPaths = (
				"${PODS_ROOT}/Target Support Files/Pods-MogiQiita/Pods-MogiQiita-frameworks-${CONFIGURATION}-input-files.xcfilelist",
			);
			name = "[CP] Embed Pods Frameworks";
			outputFileListPaths = (
				"${PODS_ROOT}/Target Support Files/Pods-MogiQiita/Pods-MogiQiita-frameworks-${CONFIGURATION}-output-files.xcfilelist",
			);
			runOnlyForDeploymentPostprocessing = 0;
			shellPath = /bin/sh;
			shellScript = "\"${PODS_ROOT}/Target Support Files/Pods-MogiQiita/Pods-MogiQiita-frameworks.sh\"\n";
			showEnvVarsInLog = 0;
		};
		9025F8EC1206B6D5FA0A350D /* [CP] Check Pods Manifest.lock */ = {
			isa = PBXShellScriptBuildPhase;
			buildActionMask = 2147483647;
			files = (
			);
			inputFileListPaths = (
			);
			inputPaths = (
				"${PODS_PODFILE_DIR_PATH}/Podfile.lock",
				"${PODS_ROOT}/Manifest.lock",
			);
			name = "[CP] Check Pods Manifest.lock";
			outputFileListPaths = (
			);
			outputPaths = (
				"$(DERIVED_FILE_DIR)/Pods-MogiQiita-checkManifestLockResult.txt",
			);
			runOnlyForDeploymentPostprocessing = 0;
			shellPath = /bin/sh;
			shellScript = "diff \"${PODS_PODFILE_DIR_PATH}/Podfile.lock\" \"${PODS_ROOT}/Manifest.lock\" > /dev/null\nif [ $? != 0 ] ; then\n    # print error to STDERR\n    echo \"error: The sandbox is not in sync with the Podfile.lock. Run 'pod install' or update your CocoaPods installation.\" >&2\n    exit 1\nfi\n# This output is used by Xcode 'outputs' to avoid re-running this script phase.\necho \"SUCCESS\" > \"${SCRIPT_OUTPUT_FILE_0}\"\n";
			showEnvVarsInLog = 0;
		};
/* End PBXShellScriptBuildPhase section */

/* Begin PBXSourcesBuildPhase section */
		782A84672658C833005DF61B /* Sources */ = {
			isa = PBXSourcesBuildPhase;
			buildActionMask = 2147483647;
			files = (
				788AE6B22696F8DF001C6FEE /* Article.swift in Sources */,
				786F51BD265F5052004F6B36 /* WebView.swift in Sources */,
				7872507B26660A7900388D6E /* MyPageView.swift in Sources */,
				78725078266609F800388D6E /* TabbarView.swift in Sources */,
				7832B64526B0345800CD5898 /* ErrorView.swift in Sources */,
				788AE6AE2696F6C0001C6FEE /* FeedPageViewModel.swift in Sources */,
				7872507E26660A8300388D6E /* SettingPageView.swift in Sources */,
				788AE6B62697029E001C6FEE /* User.swift in Sources */,
				788AE6A62696E952001C6FEE /* FeedCell.swift in Sources */,
				7801C055269DAF58005C4453 /* URLImageView.swift in Sources */,
				7872508126660AB000388D6E /* TagPageView.swift in Sources */,
				78F786D22660D32900866080 /* FeedPageView.swift in Sources */,
				78F786B8265F7D9400866080 /* Request.swift in Sources */,
				782A84712658C833005DF61B /* TopPageView.swift in Sources */,
				78376ECC269FC88E00A45B97 /* APILoadingStatus.swift in Sources */,
				78F786CD2660BE5F00866080 /* UserInfo.swift in Sources */,
				782A846F2658C833005DF61B /* MogiQiitaApp.swift in Sources */,
			);
			runOnlyForDeploymentPostprocessing = 0;
		};
/* End PBXSourcesBuildPhase section */

/* Begin XCBuildConfiguration section */
		782A84782658C838005DF61B /* Debug */ = {
			isa = XCBuildConfiguration;
			buildSettings = {
				ALWAYS_SEARCH_USER_PATHS = NO;
				CLANG_ANALYZER_NONNULL = YES;
				CLANG_ANALYZER_NUMBER_OBJECT_CONVERSION = YES_AGGRESSIVE;
				CLANG_CXX_LANGUAGE_STANDARD = "gnu++14";
				CLANG_CXX_LIBRARY = "libc++";
				CLANG_ENABLE_MODULES = YES;
				CLANG_ENABLE_OBJC_ARC = YES;
				CLANG_ENABLE_OBJC_WEAK = YES;
				CLANG_WARN_BLOCK_CAPTURE_AUTORELEASING = YES;
				CLANG_WARN_BOOL_CONVERSION = YES;
				CLANG_WARN_COMMA = YES;
				CLANG_WARN_CONSTANT_CONVERSION = YES;
				CLANG_WARN_DEPRECATED_OBJC_IMPLEMENTATIONS = YES;
				CLANG_WARN_DIRECT_OBJC_ISA_USAGE = YES_ERROR;
				CLANG_WARN_DOCUMENTATION_COMMENTS = YES;
				CLANG_WARN_EMPTY_BODY = YES;
				CLANG_WARN_ENUM_CONVERSION = YES;
				CLANG_WARN_INFINITE_RECURSION = YES;
				CLANG_WARN_INT_CONVERSION = YES;
				CLANG_WARN_NON_LITERAL_NULL_CONVERSION = YES;
				CLANG_WARN_OBJC_IMPLICIT_RETAIN_SELF = YES;
				CLANG_WARN_OBJC_LITERAL_CONVERSION = YES;
				CLANG_WARN_OBJC_ROOT_CLASS = YES_ERROR;
				CLANG_WARN_QUOTED_INCLUDE_IN_FRAMEWORK_HEADER = YES;
				CLANG_WARN_RANGE_LOOP_ANALYSIS = YES;
				CLANG_WARN_STRICT_PROTOTYPES = YES;
				CLANG_WARN_SUSPICIOUS_MOVE = YES;
				CLANG_WARN_UNGUARDED_AVAILABILITY = YES_AGGRESSIVE;
				CLANG_WARN_UNREACHABLE_CODE = YES;
				CLANG_WARN__DUPLICATE_METHOD_MATCH = YES;
				COPY_PHASE_STRIP = NO;
				DEBUG_INFORMATION_FORMAT = dwarf;
				ENABLE_STRICT_OBJC_MSGSEND = YES;
				ENABLE_TESTABILITY = YES;
				GCC_C_LANGUAGE_STANDARD = gnu11;
				GCC_DYNAMIC_NO_PIC = NO;
				GCC_NO_COMMON_BLOCKS = YES;
				GCC_OPTIMIZATION_LEVEL = 0;
				GCC_PREPROCESSOR_DEFINITIONS = (
					"DEBUG=1",
					"$(inherited)",
				);
				GCC_WARN_64_TO_32_BIT_CONVERSION = YES;
				GCC_WARN_ABOUT_RETURN_TYPE = YES_ERROR;
				GCC_WARN_UNDECLARED_SELECTOR = YES;
				GCC_WARN_UNINITIALIZED_AUTOS = YES_AGGRESSIVE;
				GCC_WARN_UNUSED_FUNCTION = YES;
				GCC_WARN_UNUSED_VARIABLE = YES;
				IPHONEOS_DEPLOYMENT_TARGET = 14.4;
				MTL_ENABLE_DEBUG_INFO = INCLUDE_SOURCE;
				MTL_FAST_MATH = YES;
				ONLY_ACTIVE_ARCH = YES;
				SDKROOT = iphoneos;
				SWIFT_ACTIVE_COMPILATION_CONDITIONS = DEBUG;
				SWIFT_OPTIMIZATION_LEVEL = "-Onone";
			};
			name = Debug;
		};
		782A84792658C838005DF61B /* Release */ = {
			isa = XCBuildConfiguration;
			buildSettings = {
				ALWAYS_SEARCH_USER_PATHS = NO;
				CLANG_ANALYZER_NONNULL = YES;
				CLANG_ANALYZER_NUMBER_OBJECT_CONVERSION = YES_AGGRESSIVE;
				CLANG_CXX_LANGUAGE_STANDARD = "gnu++14";
				CLANG_CXX_LIBRARY = "libc++";
				CLANG_ENABLE_MODULES = YES;
				CLANG_ENABLE_OBJC_ARC = YES;
				CLANG_ENABLE_OBJC_WEAK = YES;
				CLANG_WARN_BLOCK_CAPTURE_AUTORELEASING = YES;
				CLANG_WARN_BOOL_CONVERSION = YES;
				CLANG_WARN_COMMA = YES;
				CLANG_WARN_CONSTANT_CONVERSION = YES;
				CLANG_WARN_DEPRECATED_OBJC_IMPLEMENTATIONS = YES;
				CLANG_WARN_DIRECT_OBJC_ISA_USAGE = YES_ERROR;
				CLANG_WARN_DOCUMENTATION_COMMENTS = YES;
				CLANG_WARN_EMPTY_BODY = YES;
				CLANG_WARN_ENUM_CONVERSION = YES;
				CLANG_WARN_INFINITE_RECURSION = YES;
				CLANG_WARN_INT_CONVERSION = YES;
				CLANG_WARN_NON_LITERAL_NULL_CONVERSION = YES;
				CLANG_WARN_OBJC_IMPLICIT_RETAIN_SELF = YES;
				CLANG_WARN_OBJC_LITERAL_CONVERSION = YES;
				CLANG_WARN_OBJC_ROOT_CLASS = YES_ERROR;
				CLANG_WARN_QUOTED_INCLUDE_IN_FRAMEWORK_HEADER = YES;
				CLANG_WARN_RANGE_LOOP_ANALYSIS = YES;
				CLANG_WARN_STRICT_PROTOTYPES = YES;
				CLANG_WARN_SUSPICIOUS_MOVE = YES;
				CLANG_WARN_UNGUARDED_AVAILABILITY = YES_AGGRESSIVE;
				CLANG_WARN_UNREACHABLE_CODE = YES;
				CLANG_WARN__DUPLICATE_METHOD_MATCH = YES;
				COPY_PHASE_STRIP = NO;
				DEBUG_INFORMATION_FORMAT = "dwarf-with-dsym";
				ENABLE_NS_ASSERTIONS = NO;
				ENABLE_STRICT_OBJC_MSGSEND = YES;
				GCC_C_LANGUAGE_STANDARD = gnu11;
				GCC_NO_COMMON_BLOCKS = YES;
				GCC_WARN_64_TO_32_BIT_CONVERSION = YES;
				GCC_WARN_ABOUT_RETURN_TYPE = YES_ERROR;
				GCC_WARN_UNDECLARED_SELECTOR = YES;
				GCC_WARN_UNINITIALIZED_AUTOS = YES_AGGRESSIVE;
				GCC_WARN_UNUSED_FUNCTION = YES;
				GCC_WARN_UNUSED_VARIABLE = YES;
				IPHONEOS_DEPLOYMENT_TARGET = 14.4;
				MTL_ENABLE_DEBUG_INFO = NO;
				MTL_FAST_MATH = YES;
				SDKROOT = iphoneos;
				SWIFT_COMPILATION_MODE = wholemodule;
				SWIFT_OPTIMIZATION_LEVEL = "-O";
				VALIDATE_PRODUCT = YES;
			};
			name = Release;
		};
		782A847B2658C838005DF61B /* Debug */ = {
			isa = XCBuildConfiguration;
			baseConfigurationReference = 8DE247FCF98589FE3A6234E0 /* Pods-MogiQiita.debug.xcconfig */;
			buildSettings = {
				ASSETCATALOG_COMPILER_APPICON_NAME = AppIcon;
				ASSETCATALOG_COMPILER_GLOBAL_ACCENT_COLOR_NAME = AccentColor;
				CODE_SIGN_STYLE = Automatic;
				DEVELOPMENT_ASSET_PATHS = "\"MogiQiita/Preview Content\"";
				DEVELOPMENT_TEAM = ZF824CFGPA;
				ENABLE_PREVIEWS = YES;
				INFOPLIST_FILE = MogiQiita/Info.plist;
				IPHONEOS_DEPLOYMENT_TARGET = 14.0;
				LD_RUNPATH_SEARCH_PATHS = (
					"$(inherited)",
					"@executable_path/Frameworks",
				);
				PRODUCT_BUNDLE_IDENTIFIER = com.gmail.324etsushi.MogiQiita;
				PRODUCT_NAME = "$(TARGET_NAME)";
				SWIFT_VERSION = 5.0;
				TARGETED_DEVICE_FAMILY = "1,2";
			};
			name = Debug;
		};
		782A847C2658C838005DF61B /* Release */ = {
			isa = XCBuildConfiguration;
			baseConfigurationReference = 1E58CB4F449F3B8EAFDA0C28 /* Pods-MogiQiita.release.xcconfig */;
			buildSettings = {
				ASSETCATALOG_COMPILER_APPICON_NAME = AppIcon;
				ASSETCATALOG_COMPILER_GLOBAL_ACCENT_COLOR_NAME = AccentColor;
				CODE_SIGN_STYLE = Automatic;
				DEVELOPMENT_ASSET_PATHS = "\"MogiQiita/Preview Content\"";
				DEVELOPMENT_TEAM = ZF824CFGPA;
				ENABLE_PREVIEWS = YES;
				INFOPLIST_FILE = MogiQiita/Info.plist;
				IPHONEOS_DEPLOYMENT_TARGET = 14.0;
				LD_RUNPATH_SEARCH_PATHS = (
					"$(inherited)",
					"@executable_path/Frameworks",
				);
				PRODUCT_BUNDLE_IDENTIFIER = com.gmail.324etsushi.MogiQiita;
				PRODUCT_NAME = "$(TARGET_NAME)";
				SWIFT_VERSION = 5.0;
				TARGETED_DEVICE_FAMILY = "1,2";
			};
			name = Release;
		};
/* End XCBuildConfiguration section */

/* Begin XCConfigurationList section */
		782A84662658C833005DF61B /* Build configuration list for PBXProject "MogiQiita" */ = {
			isa = XCConfigurationList;
			buildConfigurations = (
				782A84782658C838005DF61B /* Debug */,
				782A84792658C838005DF61B /* Release */,
			);
			defaultConfigurationIsVisible = 0;
			defaultConfigurationName = Release;
		};
		782A847A2658C838005DF61B /* Build configuration list for PBXNativeTarget "MogiQiita" */ = {
			isa = XCConfigurationList;
			buildConfigurations = (
				782A847B2658C838005DF61B /* Debug */,
				782A847C2658C838005DF61B /* Release */,
			);
			defaultConfigurationIsVisible = 0;
			defaultConfigurationName = Release;
		};
/* End XCConfigurationList section */
	};
	rootObject = 782A84632658C833005DF61B /* Project object */;
}
